hash: 497953f06cc2813468b82af422e10f7589625a3f873ad12fd72911b30a8fcb02
updated: 2021-12-21T05:44:08.465984729Z
imports:
- name: github.com/alouca/gologger
  version: 7d4b7291de9c9df1b3fe6a3d784b3675b6c0c996
- name: github.com/contactless/org.eclipse.paho.mqtt.golang
  version: bc107ec72972f0e7048787415ea061578b5c3f33
  subpackages:
  - packets
- name: github.com/contactless/wbgo
  version: 460958878cacb49485bb5e848c921a8bb806ba00
  subpackages:
  - testutils
- name: github.com/davecgh/go-spew
  version: d8f796af33cc11cb798c1aaeb27a4ebc5099927d
  subpackages:
  - spew
- name: github.com/pmezard/go-difflib
  version: 5d4384ee4fb2527b0a1256a821ebfc92f91efefc
  subpackages:
  - difflib
- name: github.com/stretchr/objx
  version: 27373ced094756c353f68145eb313a575ca613ed
- name: github.com/stretchr/testify
  version: ab6dc3262822ed562480c19876b0257ace761e3e
  subpackages:
  - assert
  - require
  - suite
- name: github.com/wirenboard/gosnmp
  version: 2b14b588fe30aba4e3d08624f1706665421fd5f7
- name: golang.org/x/net
  version: fe4d6282115f0528fd5bc04b5644ce8ba1f43a50
  subpackages:
  - websocket
- name: golang.org/x/sys
  version: 1d35b9e2eb4edf581781c7f3e2a36fac701f0a24
  subpackages:
  - internal/unsafeheader
  - unix
- name: gopkg.in/fsnotify.v1
  version: 466b39d216616549a37ee93c7c47775f6a010790
- name: gopkg.in/yaml.v3
  version: 496545a6307b2a7d7a710fd516e5e16e8ab62dbc
testImports: []
