github.com/contactless/org.eclipse.paho.mqtt.golang v0.9.2-0.20230303073519-735a2c3f9cde h1:gSljmE7kq+6iYSt7vOoyNCO7mk5VsuA8LF4nHfqVEgw=
github.com/contactless/org.eclipse.paho.mqtt.golang v0.9.2-0.20230303073519-735a2c3f9cde/go.mod h1:ISd8VT87v5vB6N33PDJrbWYlI0+r46JxZ9+yEDTKThc=
github.com/contactless/wbgo v0.0.9 h1:fFodzqj1DCVTX1X59mpMJSZzbxpOGpo0x3Ys5rL7WQ4=
github.com/contactless/wbgo v0.0.9/go.mod h1:zpSgGrFuNosiXs0VtRMXlWLyddi9QYrq5v+a4WuUU9s=
github.com/fsnotify/fsnotify v1.5.1 h1:mZcQUHVQUQWoPXXtuf9yuEXKudkV2sx1E06UadKWpgI=
github.com/fsnotify/fsnotify v1.5.1/go.mod h1:T3375wBYaZdLLcVNkcVbzGHY7f1l/uK5T5Ai1i3InKU=
github.com/golangsnmp/gomib v0.13.2 h1:6PxzKt34PQCWwppZhDBi5c1uFQ0Ve70RpVYnqKwddWQ=
github.com/golangsnmp/gomib v0.13.2/go.mod h1:kMhPC1hIlPUf2glrzy0uQV17TBQtwsm5zVuRW/emGbk=
github.com/gosnmp/gosnmp v1.45.0 h1:dc3Y/F7qhY8v+Eeb+3Hq+AnSBxQ8mGbwoHEPgWZRkxI=
github.com/gosnmp/gosnmp v1.45.0/go.mod h1:LWPVcDKeRsiioQGeITGTQha4mdlx9lgmRmXz6zGINQ4=
github.com/stretchr/objx v0.5.3 h1:jmXUvGomnU1o3W/V5h2VEradbpJDwGrzugQQvL0POH4=
github.com/stretchr/objx v0.5.3/go.mod h1:rDQraq+vQZU7Fde9LOZLr8Tax6zZvy4kuNKF+QYS+U0=
github.com/stretchr/testify v1.12.1 h1:EuwCh5fleGS7H32xRwO3wRGT7DxrDhLAT6FF8MpWDWE=
github.com/stretchr/testify v1.12.1/go.mod h1:MDEgiDPPsNp5cuIrHPPCyornHKgEVbtFUmoNlxoYthg=
go.yaml.in/yaml/v3 v3.0.5 h1:N6y/pJk8buWs9NY5ERU2HSMfm+IuD/OtfdAnq6kESPw=
go.yaml.in/yaml/v3 v3.0.5/go.mod h1:HVTZu1O7/Vkt2N+BFy8Zza+lnLsABggaTM2ZpNIGuKg=
golang.org/x/net v0.0.0-20170110034938-60c41d1de8da h1:5sENVFSzUZwVwtS8PadtC7Q9tmj886JSt2pRIwSAVZE=
golang.org/x/net v0.0.0-20170110034938-60c41d1de8da/go.mod h1:mL1N/T3taQHkDXs73rZJwtUhF3w3ftmwwsq0BUmARs4=
golang.org/x/sys v0.0.0-20210630005230-0f9fa26af87c h1:F1jZWGFhYfh0Ci55sIpILtKKK8p3i2/krTr0H1rg74I=
golang.org/x/sys v0.0.0-20210630005230-0f9fa26af87c/go.mod h1:oPkhp1MJrh7nUepCBck5+mAzfO9JrbApNNgaTdGDITg=
gopkg.in/fsnotify.v1 v1.4.2 h1:AwZiD/bIUttYJ+n/k1UwlSUsM+VSE6id7UAnSKqQ+Tc=
gopkg.in/fsnotify.v1 v1.4.2/go.mod h1:Tz8NjZHkW78fSQdbUxIjBTcgA1z1m8ZHf0WmKUhAMys=
