github.com/alouca/gologger v0.0.0-20120904114645-7d4b7291de9c h1:k/7/05/5kPRX7HaKyVYlsGVX6XkFTyYLqkqHzceUVlU=
github.com/alouca/gologger v0.0.0-20120904114645-7d4b7291de9c/go.mod h1:SI1d/2/wpSTDjHgdS9ZLy6hqvsdhzVYAc8RLztweMpA=
github.com/alouca/gosnmp v0.0.0-20170104221208-9b459058490f h1:2VIgLxHBomSHe00VBaEUUvsAe6EVK5+tN38Rpbxo9tg=
github.com/alouca/gosnmp v0.0.0-20170104221208-9b459058490f/go.mod h1:kEcj+iUROrUCr7AIrul5NutI2kWv0ns9BL0ezVp1h/Y=
github.com/alouca/gosnmp v0.0.0-20170620005048-04d83944c9ab h1:pfx9N/EMDxIwVzGu9JLnmbOMNukW1mfPA9Ymo+S58Ng=
github.com/alouca/gosnmp v0.0.0-20170620005048-04d83944c9ab/go.mod h1:kEcj+iUROrUCr7AIrul5NutI2kWv0ns9BL0ezVp1h/Y=
github.com/contactless/org.eclipse.paho.mqtt.golang v0.0.0-20160512050345-bc107ec72972 h1:itvKwLlIg3MLdjVqhPuYFd0y9RsrQQxSIhZXUeNFtmA=
github.com/contactless/org.eclipse.paho.mqtt.golang v0.0.0-20160512050345-bc107ec72972/go.mod h1:ISd8VT87v5vB6N33PDJrbWYlI0+r46JxZ9+yEDTKThc=
github.com/contactless/wbgo v0.0.0-20161221153022-460958878cac h1:M8CKdAmQ5NDG4gJdgfNbB7UOpxHNmDpLEjk+6HgNCK4=
github.com/contactless/wbgo v0.0.0-20161221153022-460958878cac/go.mod h1:zpSgGrFuNosiXs0VtRMXlWLyddi9QYrq5v+a4WuUU9s=
github.com/davecgh/go-spew v1.1.2-0.20180830191138-d8f796af33cc h1:U9qPSI2PIWSS1VwoXQT9A3Wy9MM3WgvqSxFWenqJduM=
github.com/davecgh/go-spew v1.1.2-0.20180830191138-d8f796af33cc/go.mod h1:J7Y8YcW2NihsgmVo/mv3lAwl/skON4iLHjSsI+c5H38=
github.com/fsnotify/fsnotify v1.5.1 h1:mZcQUHVQUQWoPXXtuf9yuEXKudkV2sx1E06UadKWpgI=
github.com/fsnotify/fsnotify v1.5.1/go.mod h1:T3375wBYaZdLLcVNkcVbzGHY7f1l/uK5T5Ai1i3InKU=
github.com/pmezard/go-difflib v1.0.0 h1:4DBwDE0NGyQoBHbLQYPwSUPoCMWR5BEzIk/f1lZbAQM=
github.com/pmezard/go-difflib v1.0.0/go.mod h1:iKH77koFhYxTK1pcRnkKkqfTogsbg7gZNVY4sRDYZ/4=
github.com/stretchr/objx v0.1.2-0.20180825064932-ef50b0de2877 h1:6K1nYEj5Y6jqgsc/SWBuF7YcLqaQbWSNAmf4LtApioo=
github.com/stretchr/objx v0.1.2-0.20180825064932-ef50b0de2877/go.mod h1:HFkY916IF+rwdDfMAkV7OtwuqBVzrE8GR6GFx+wExME=
github.com/stretchr/testify v1.2.2 h1:bSDNvY7ZPG5RlJ8otE/7V6gMiyenm9RtJ7IUVIAoJ1w=
github.com/stretchr/testify v1.2.2/go.mod h1:a8OnRcib4nhh0OaRAV+Yts87kKdq0PP7pXfy6kDkUVs=
github.com/wirenboard/gosnmp v0.0.0-20161228140218-2b14b588fe30 h1:CM3YMacYn6i3uPMpbJLtQDJb7Mj2UpZCOnDizcSuhx8=
github.com/wirenboard/gosnmp v0.0.0-20161228140218-2b14b588fe30/go.mod h1:z1gncWAav+ZxRS9HnhYK55RrXQNbc85u8oWYzqrSou0=
github.com/wirenboard/wb-mqtt-snmp v1.0.1 h1:S+rpniyM6CTEJx4hL8WbiJnwf4xkhLaAS3447Mwyf18=
github.com/wirenboard/wb-mqtt-snmp v1.0.1/go.mod h1:VjvEGv+O0n07Cs3QLdgcROqnOzQnRzyB+kUkQUbdCUI=
golang.org/x/net v0.0.0-20170110034938-60c41d1de8da h1:5sENVFSzUZwVwtS8PadtC7Q9tmj886JSt2pRIwSAVZE=
golang.org/x/net v0.0.0-20170110034938-60c41d1de8da/go.mod h1:mL1N/T3taQHkDXs73rZJwtUhF3w3ftmwwsq0BUmARs4=
golang.org/x/sys v0.0.0-20210630005230-0f9fa26af87c h1:F1jZWGFhYfh0Ci55sIpILtKKK8p3i2/krTr0H1rg74I=
golang.org/x/sys v0.0.0-20210630005230-0f9fa26af87c/go.mod h1:oPkhp1MJrh7nUepCBck5+mAzfO9JrbApNNgaTdGDITg=
gopkg.in/fsnotify.v1 v1.4.2 h1:AwZiD/bIUttYJ+n/k1UwlSUsM+VSE6id7UAnSKqQ+Tc=
gopkg.in/fsnotify.v1 v1.4.2/go.mod h1:Tz8NjZHkW78fSQdbUxIjBTcgA1z1m8ZHf0WmKUhAMys=
