github.com/alouca/gologger v0.0.0-20120904114645-7d4b7291de9c h1:k/7/05/5kPRX7HaKyVYlsGVX6XkFTyYLqkqHzceUVlU=
github.com/alouca/gologger v0.0.0-20120904114645-7d4b7291de9c/go.mod h1:SI1d/2/wpSTDjHgdS9ZLy6hqvsdhzVYAc8RLztweMpA=
github.com/contactless/org.eclipse.paho.mqtt.golang v0.9.2-0.20230303073519-735a2c3f9cde h1:gSljmE7kq+6iYSt7vOoyNCO7mk5VsuA8LF4nHfqVEgw=
github.com/contactless/org.eclipse.paho.mqtt.golang v0.9.2-0.20230303073519-735a2c3f9cde/go.mod h1:ISd8VT87v5vB6N33PDJrbWYlI0+r46JxZ9+yEDTKThc=
github.com/contactless/wbgo v0.0.0-20240917090308-f4f8ce9c6bb4 h1:1CVC88/YVK5TJjtwUz4DsGqucRqVtZq2fLGQpE1byT4=
github.com/contactless/wbgo v0.0.0-20240917090308-f4f8ce9c6bb4/go.mod h1:zpSgGrFuNosiXs0VtRMXlWLyddi9QYrq5v+a4WuUU9s=
github.com/davecgh/go-spew v1.1.2-0.20180830191138-d8f796af33cc h1:U9qPSI2PIWSS1VwoXQT9A3Wy9MM3WgvqSxFWenqJduM=
github.com/davecgh/go-spew v1.1.2-0.20180830191138-d8f796af33cc/go.mod h1:J7Y8YcW2NihsgmVo/mv3lAwl/skON4iLHjSsI+c5H38=
github.com/fsnotify/fsnotify v1.5.1 h1:mZcQUHVQUQWoPXXtuf9yuEXKudkV2sx1E06UadKWpgI=
github.com/fsnotify/fsnotify v1.5.1/go.mod h1:T3375wBYaZdLLcVNkcVbzGHY7f1l/uK5T5Ai1i3InKU=
github.com/pmezard/go-difflib v1.0.0 h1:4DBwDE0NGyQoBHbLQYPwSUPoCMWR5BEzIk/f1lZbAQM=
github.com/pmezard/go-difflib v1.0.0/go.mod h1:iKH77koFhYxTK1pcRnkKkqfTogsbg7gZNVY4sRDYZ/4=
github.com/stretchr/objx v0.1.2-0.20180825064932-ef50b0de2877 h1:6K1nYEj5Y6jqgsc/SWBuF7YcLqaQbWSNAmf4LtApioo=
github.com/stretchr/objx v0.1.2-0.20180825064932-ef50b0de2877/go.mod h1:HFkY916IF+rwdDfMAkV7OtwuqBVzrE8GR6GFx+wExME=
github.com/stretchr/testify v1.2.2 h1:bSDNvY7ZPG5RlJ8otE/7V6gMiyenm9RtJ7IUVIAoJ1w=
github.com/stretchr/testify v1.2.2/go.mod h1:a8OnRcib4nhh0OaRAV+Yts87kKdq0PP7pXfy6kDkUVs=
github.com/wirenboard/gosnmp v0.0.0-20240716093259-6134a4c52934 h1:aTF36GWEoHaBsUQiBWAuFYUxnPBK3NTlOaaO0ilceJw=
github.com/wirenboard/gosnmp v0.0.0-20240716093259-6134a4c52934/go.mod h1:z1gncWAav+ZxRS9HnhYK55RrXQNbc85u8oWYzqrSou0=
golang.org/x/net v0.0.0-20170110034938-60c41d1de8da h1:5sENVFSzUZwVwtS8PadtC7Q9tmj886JSt2pRIwSAVZE=
golang.org/x/net v0.0.0-20170110034938-60c41d1de8da/go.mod h1:mL1N/T3taQHkDXs73rZJwtUhF3w3ftmwwsq0BUmARs4=
golang.org/x/sys v0.0.0-20210630005230-0f9fa26af87c h1:F1jZWGFhYfh0Ci55sIpILtKKK8p3i2/krTr0H1rg74I=
golang.org/x/sys v0.0.0-20210630005230-0f9fa26af87c/go.mod h1:oPkhp1MJrh7nUepCBck5+mAzfO9JrbApNNgaTdGDITg=
gopkg.in/fsnotify.v1 v1.4.2 h1:AwZiD/bIUttYJ+n/k1UwlSUsM+VSE6id7UAnSKqQ+Tc=
gopkg.in/fsnotify.v1 v1.4.2/go.mod h1:Tz8NjZHkW78fSQdbUxIjBTcgA1z1m8ZHf0WmKUhAMys=
